{
  "name": "002-console",
  "version": "1.0.0",
  "lockfileVersion": 2,
  "requires": true,
  "packages": {
    "": {
      "name": "002-console",
      "version": "1.0.0",
      "license": "ISC",
      "dependencies": {
        "firstline": "^2.0.2"
      }
    },
    "node_modules/firstline": {
      "version": "2.0.2",
      "resolved": "https://registry.npmjs.org/firstline/-/firstline-2.0.2.tgz",
      "integrity": "sha512-8KcmfI0jgSECnzdhucm0i7vrwef3BWwgjimW2YkRC5eSFwjb5DibVoA0YvgkYwwxuJi9c+7M7X3b3lX8o9B6wg==",
      "engines": {
        "node": ">=6.4.0"
      }
    }
  },
  "dependencies": {
    "firstline": {
      "version": "2.0.2",
      "resolved": "https://registry.npmjs.org/firstline/-/firstline-2.0.2.tgz",
      "integrity": "sha512-8KcmfI0jgSECnzdhucm0i7vrwef3BWwgjimW2YkRC5eSFwjb5DibVoA0YvgkYwwxuJi9c+7M7X3b3lX8o9B6wg=="
    }
  }
}
